// !$*UTF8*$!
{
	archiveVersion = 1;
	classes = {
	};
	objectVersion = 46;
	objects = {

/* Begin PBXBuildFile section */
		ABBABC161F2C422100F7BA64 /* main.m in Sources */ = {isa = PBXBuildFile; fileRef = ABBABC151F2C422100F7BA64 /* main.m */; };
		ABBABC191F2C422100F7BA64 /* AppDelegate.m in Sources */ = {isa = PBXBuildFile; fileRef = ABBABC181F2C422100F7BA64 /* AppDelegate.m */; };
		ABBABC1C1F2C422100F7BA64 /* ViewController.m in Sources */ = {isa = PBXBuildFile; fileRef = ABBABC1B1F2C422100F7BA64 /* ViewController.m */; };
		ABBABC211F2C422100F7BA64 /* Assets.xcassets in Resources */ = {isa = PBXBuildFile; fileRef = ABBABC201F2C422100F7BA64 /* Assets.xcassets */; };
		ABBABC241F2C422100F7BA64 /* LaunchScreen.storyboard in Resources */ = {isa = PBXBuildFile; fileRef = ABBABC221F2C422100F7BA64 /* LaunchScreen.storyboard */; };
		ABBABC2F1F2C422100F7BA64 /* LuanchAnimationTests.m in Sources */ = {isa = PBXBuildFile; fileRef = ABBABC2E1F2C422100F7BA64 /* LuanchAnimationTests.m */; };
		ABBABC3A1F2C422100F7BA64 /* LuanchAnimationUITests.m in Sources */ = {isa = PBXBuildFile; fileRef = ABBABC391F2C422100F7BA64 /* LuanchAnimationUITests.m */; };
		ABBABC491F2C42E900F7BA64 /* LaunchViewController.m in Sources */ = {isa = PBXBuildFile; fileRef = ABBABC481F2C42E900F7BA64 /* LaunchViewController.m */; };
		ABBABC551F2C5ABE00F7BA64 /* font.png in Resources */ = {isa = PBXBuildFile; fileRef = ABBABC4C1F2C5ABE00F7BA64 /* font.png */; };
		ABBABC561F2C5ABE00F7BA64 /* font2.png in Resources */ = {isa = PBXBuildFile; fileRef = ABBABC4D1F2C5ABE00F7BA64 /* font2.png */; };
		ABBABC571F2C5ABE00F7BA64 /* gou.png in Resources */ = {isa = PBXBuildFile; fileRef = ABBABC4E1F2C5ABE00F7BA64 /* gou.png */; };
		ABBABC581F2C5ABE00F7BA64 /* jing.png in Resources */ = {isa = PBXBuildFile; fileRef = ABBABC4F1F2C5ABE00F7BA64 /* jing.png */; };
		ABBABC591F2C5ABE00F7BA64 /* kai.png in Resources */ = {isa = PBXBuildFile; fileRef = ABBABC501F2C5ABE00F7BA64 /* kai.png */; };
		ABBABC5A1F2C5ABE00F7BA64 /* xi.png in Resources */ = {isa = PBXBuildFile; fileRef = ABBABC511F2C5ABE00F7BA64 /* xi.png */; };
		ABBABC5B1F2C5ABE00F7BA64 /* xian.png in Resources */ = {isa = PBXBuildFile; fileRef = ABBABC521F2C5ABE00F7BA64 /* xian.png */; };
		ABBABC5C1F2C5ABE00F7BA64 /* xin.png in Resources */ = {isa = PBXBuildFile; fileRef = ABBABC531F2C5ABE00F7BA64 /* xin.png */; };
		ABBABC5D1F2C5ABE00F7BA64 /* yun.png in Resources */ = {isa = PBXBuildFile; fileRef = ABBABC541F2C5ABE00F7BA64 /* yun.png */; };
		ABBABC601F2C5B0B00F7BA64 /* LogoAnimation.m in Sources */ = {isa = PBXBuildFile; fileRef = ABBABC5F1F2C5B0B00F7BA64 /* LogoAnimation.m */; };
/* End PBXBuildFile section */

/* Begin PBXContainerItemProxy section */
		ABBABC2B1F2C422100F7BA64 /* PBXContainerItemProxy */ = {
			isa = PBXContainerItemProxy;
			containerPortal = ABBABC091F2C422100F7BA64 /* Project object */;
			proxyType = 1;
			remoteGlobalIDString = ABBABC101F2C422100F7BA64;
			remoteInfo = LuanchAnimation;
		};
		ABBABC361F2C422100F7BA64 /* PBXContainerItemProxy */ = {
			isa = PBXContainerItemProxy;
			containerPortal = ABBABC091F2C422100F7BA64 /* Project object */;
			proxyType = 1;
			remoteGlobalIDString = ABBABC101F2C422100F7BA64;
			remoteInfo = LuanchAnimation;
		};
/* End PBXContainerItemProxy section */

/* Begin PBXFileReference section */
		ABBABC111F2C422100F7BA64 /* LuanchAnimation.app */ = {isa = PBXFileReference; explicitFileType = wrapper.application; includeInIndex = 0; path = LuanchAnimation.app; sourceTree = BUILT_PRODUCTS_DIR; };
		ABBABC151F2C422100F7BA64 /* main.m */ = {isa = PBXFileReference; lastKnownFileType = sourcecode.c.objc; path = main.m; sourceTree = "<group>"; };
		ABBABC171F2C422100F7BA64 /* AppDelegate.h */ = {isa = PBXFileReference; lastKnownFileType = sourcecode.c.h; path = AppDelegate.h; sourceTree = "<group>"; };
		ABBABC181F2C422100F7BA64 /* AppDelegate.m */ = {isa = PBXFileReference; lastKnownFileType = sourcecode.c.objc; path = AppDelegate.m; sourceTree = "<group>"; };
		ABBABC1A1F2C422100F7BA64 /* ViewController.h */ = {isa = PBXFileReference; lastKnownFileType = sourcecode.c.h; path = ViewController.h; sourceTree = "<group>"; };
		ABBABC1B1F2C422100F7BA64 /* ViewController.m */ = {isa = PBXFileReference; lastKnownFileType = sourcecode.c.objc; path = ViewController.m; sourceTree = "<group>"; };
		ABBABC201F2C422100F7BA64 /* Assets.xcassets */ = {isa = PBXFileReference; lastKnownFileType = folder.assetcatalog; path = Assets.xcassets; sourceTree = "<group>"; };
		ABBABC231F2C422100F7BA64 /* Base */ = {isa = PBXFileReference; lastKnownFileType = file.storyboard; name = Base; path = Base.lproj/LaunchScreen.storyboard; sourceTree = "<group>"; };
		ABBABC251F2C422100F7BA64 /* Info.plist */ = {isa = PBXFileReference; lastKnownFileType = text.plist.xml; path = Info.plist; sourceTree = "<group>"; };
		ABBABC2A1F2C422100F7BA64 /* LuanchAnimationTests.xctest */ = {isa = PBXFileReference; explicitFileType = wrapper.cfbundle; includeInIndex = 0; path = LuanchAnimationTests.xctest; sourceTree = BUILT_PRODUCTS_DIR; };
		ABBABC2E1F2C422100F7BA64 /* LuanchAnimationTests.m */ = {isa = PBXFileReference; lastKnownFileType = sourcecode.c.objc; path = LuanchAnimationTests.m; sourceTree = "<group>"; };
		ABBABC301F2C422100F7BA64 /* Info.plist */ = {isa = PBXFileReference; lastKnownFileType = text.plist.xml; path = Info.plist; sourceTree = "<group>"; };
		ABBABC351F2C422100F7BA64 /* LuanchAnimationUITests.xctest */ = {isa = PBXFileReference; explicitFileType = wrapper.cfbundle; includeInIndex = 0; path = LuanchAnimationUITests.xctest; sourceTree = BUILT_PRODUCTS_DIR; };
		ABBABC391F2C422100F7BA64 /* LuanchAnimationUITests.m */ = {isa = PBXFileReference; lastKnownFileType = sourcecode.c.objc; path = LuanchAnimationUITests.m; sourceTree = "<group>"; };
		ABBABC3B1F2C422100F7BA64 /* Info.plist */ = {isa = PBXFileReference; lastKnownFileType = text.plist.xml; path = Info.plist; sourceTree = "<group>"; };
		ABBABC471F2C42E900F7BA64 /* LaunchViewController.h */ = {isa = PBXFileReference; fileEncoding = 4; lastKnownFileType = sourcecode.c.h; path = LaunchViewController.h; sourceTree = "<group>"; };
		ABBABC481F2C42E900F7BA64 /* LaunchViewController.m */ = {isa = PBXFileReference; fileEncoding = 4; lastKnownFileType = sourcecode.c.objc; path = LaunchViewController.m; sourceTree = "<group>"; };
		ABBABC4C1F2C5ABE00F7BA64 /* font.png */ = {isa = PBXFileReference; lastKnownFileType = image.png; path = font.png; sourceTree = "<group>"; };
		ABBABC4D1F2C5ABE00F7BA64 /* font2.png */ = {isa = PBXFileReference; lastKnownFileType = image.png; path = font2.png; sourceTree = "<group>"; };
		ABBABC4E1F2C5ABE00F7BA64 /* gou.png */ = {isa = PBXFileReference; lastKnownFileType = image.png; path = gou.png; sourceTree = "<group>"; };
		ABBABC4F1F2C5ABE00F7BA64 /* jing.png */ = {isa = PBXFileReference; lastKnownFileType = image.png; path = jing.png; sourceTree = "<group>"; };
		ABBABC501F2C5ABE00F7BA64 /* kai.png */ = {isa = PBXFileReference; lastKnownFileType = image.png; path = kai.png; sourceTree = "<group>"; };
		ABBABC511F2C5ABE00F7BA64 /* xi.png */ = {isa = PBXFileReference; lastKnownFileType = image.png; path = xi.png; sourceTree = "<group>"; };
		ABBABC521F2C5ABE00F7BA64 /* xian.png */ = {isa = PBXFileReference; lastKnownFileType = image.png; path = xian.png; sourceTree = "<group>"; };
		ABBABC531F2C5ABE00F7BA64 /* xin.png */ = {isa = PBXFileReference; lastKnownFileType = image.png; path = xin.png; sourceTree = "<group>"; };
		ABBABC541F2C5ABE00F7BA64 /* yun.png */ = {isa = PBXFileReference; lastKnownFileType = image.png; path = yun.png; sourceTree = "<group>"; };
		ABBABC5E1F2C5B0B00F7BA64 /* LogoAnimation.h */ = {isa = PBXFileReference; fileEncoding = 4; lastKnownFileType = sourcecode.c.h; path = LogoAnimation.h; sourceTree = "<group>"; };
		ABBABC5F1F2C5B0B00F7BA64 /* LogoAnimation.m */ = {isa = PBXFileReference; fileEncoding = 4; lastKnownFileType = sourcecode.c.objc; path = LogoAnimation.m; sourceTree = "<group>"; };
/* End PBXFileReference section */

/* Begin PBXFrameworksBuildPhase section */
		ABBABC0E1F2C422100F7BA64 /* Frameworks */ = {
			isa = PBXFrameworksBuildPhase;
			buildActionMask = 2147483647;
			files = (
			);
			runOnlyForDeploymentPostprocessing = 0;
		};
		ABBABC271F2C422100F7BA64 /* Frameworks */ = {
			isa = PBXFrameworksBuildPhase;
			buildActionMask = 2147483647;
			files = (
			);
			runOnlyForDeploymentPostprocessing = 0;
		};
		ABBABC321F2C422100F7BA64 /* Frameworks */ = {
			isa = PBXFrameworksBuildPhase;
			buildActionMask = 2147483647;
			files = (
			);
			runOnlyForDeploymentPostprocessing = 0;
		};
/* End PBXFrameworksBuildPhase section */

/* Begin PBXGroup section */
		ABBABC081F2C422100F7BA64 = {
			isa = PBXGroup;
			children = (
				ABBABC131F2C422100F7BA64 /* LuanchAnimation */,
				ABBABC2D1F2C422100F7BA64 /* LuanchAnimationTests */,
				ABBABC381F2C422100F7BA64 /* LuanchAnimationUITests */,
				ABBABC121F2C422100F7BA64 /* Products */,
			);
			sourceTree = "<group>";
		};
		ABBABC121F2C422100F7BA64 /* Products */ = {
			isa = PBXGroup;
			children = (
				ABBABC111F2C422100F7BA64 /* LuanchAnimation.app */,
				ABBABC2A1F2C422100F7BA64 /* LuanchAnimationTests.xctest */,
				ABBABC351F2C422100F7BA64 /* LuanchAnimationUITests.xctest */,
			);
			name = Products;
			sourceTree = "<group>";
		};
		ABBABC131F2C422100F7BA64 /* LuanchAnimation */ = {
			isa = PBXGroup;
			children = (
				ABBABC4A1F2C5A9800F7BA64 /* LuanchAnimation */,
				ABBABC171F2C422100F7BA64 /* AppDelegate.h */,
				ABBABC181F2C422100F7BA64 /* AppDelegate.m */,
				ABBABC1A1F2C422100F7BA64 /* ViewController.h */,
				ABBABC1B1F2C422100F7BA64 /* ViewController.m */,
				ABBABC471F2C42E900F7BA64 /* LaunchViewController.h */,
				ABBABC481F2C42E900F7BA64 /* LaunchViewController.m */,
				ABBABC201F2C422100F7BA64 /* Assets.xcassets */,
				ABBABC221F2C422100F7BA64 /* LaunchScreen.storyboard */,
				ABBABC251F2C422100F7BA64 /* Info.plist */,
				ABBABC141F2C422100F7BA64 /* Supporting Files */,
			);
			path = LuanchAnimation;
			sourceTree = "<group>";
		};
		ABBABC141F2C422100F7BA64 /* Supporting Files */ = {
			isa = PBXGroup;
			children = (
				ABBABC151F2C422100F7BA64 /* main.m */,
			);
			name = "Supporting Files";
			sourceTree = "<group>";
		};
		ABBABC2D1F2C422100F7BA64 /* LuanchAnimationTests */ = {
			isa = PBXGroup;
			children = (
				ABBABC2E1F2C422100F7BA64 /* LuanchAnimationTests.m */,
				ABBABC301F2C422100F7BA64 /* Info.plist */,
			);
			path = LuanchAnimationTests;
			sourceTree = "<group>";
		};
		ABBABC381F2C422100F7BA64 /* LuanchAnimationUITests */ = {
			isa = PBXGroup;
			children = (
				ABBABC391F2C422100F7BA64 /* LuanchAnimationUITests.m */,
				ABBABC3B1F2C422100F7BA64 /* Info.plist */,
			);
			path = LuanchAnimationUITests;
			sourceTree = "<group>";
		};
		ABBABC4A1F2C5A9800F7BA64 /* LuanchAnimation */ = {
			isa = PBXGroup;
			children = (
				ABBABC4B1F2C5ABE00F7BA64 /* 切图 */,
				ABBABC5E1F2C5B0B00F7BA64 /* LogoAnimation.h */,
				ABBABC5F1F2C5B0B00F7BA64 /* LogoAnimation.m */,
			);
			path = LuanchAnimation;
			sourceTree = "<group>";
		};
		ABBABC4B1F2C5ABE00F7BA64 /* 切图 */ = {
			isa = PBXGroup;
			children = (
				ABBABC4C1F2C5ABE00F7BA64 /* font.png */,
				ABBABC4D1F2C5ABE00F7BA64 /* font2.png */,
				ABBABC4E1F2C5ABE00F7BA64 /* gou.png */,
				ABBABC4F1F2C5ABE00F7BA64 /* jing.png */,
				ABBABC501F2C5ABE00F7BA64 /* kai.png */,
				ABBABC511F2C5ABE00F7BA64 /* xi.png */,
				ABBABC521F2C5ABE00F7BA64 /* xian.png */,
				ABBABC531F2C5ABE00F7BA64 /* xin.png */,
				ABBABC541F2C5ABE00F7BA64 /* yun.png */,
			);
			path = "切图";
			sourceTree = "<group>";
		};
/* End PBXGroup section */

/* Begin PBXNativeTarget section */
		ABBABC101F2C422100F7BA64 /* LuanchAnimation */ = {
			isa = PBXNativeTarget;
			buildConfigurationList = ABBABC3E1F2C422100F7BA64 /* Build configuration list for PBXNativeTarget "LuanchAnimation" */;
			buildPhases = (
				ABBABC0D1F2C422100F7BA64 /* Sources */,
				ABBABC0E1F2C422100F7BA64 /* Frameworks */,
				ABBABC0F1F2C422100F7BA64 /* Resources */,
			);
			buildRules = (
			);
			dependencies = (
			);
			name = LuanchAnimation;
			productName = LuanchAnimation;
			productReference = ABBABC111F2C422100F7BA64 /* LuanchAnimation.app */;
			productType = "com.apple.product-type.application";
		};
		ABBABC291F2C422100F7BA64 /* LuanchAnimationTests */ = {
			isa = PBXNativeTarget;
			buildConfigurationList = ABBABC411F2C422100F7BA64 /* Build configuration list for PBXNativeTarget "LuanchAnimationTests" */;
			buildPhases = (
				ABBABC261F2C422100F7BA64 /* Sources */,
				ABBABC271F2C422100F7BA64 /* Frameworks */,
				ABBABC281F2C422100F7BA64 /* Resources */,
			);
			buildRules = (
			);
			dependencies = (
				ABBABC2C1F2C422100F7BA64 /* PBXTargetDependency */,
			);
			name = LuanchAnimationTests;
			productName = LuanchAnimationTests;
			productReference = ABBABC2A1F2C422100F7BA64 /* LuanchAnimationTests.xctest */;
			productType = "com.apple.product-type.bundle.unit-test";
		};
		ABBABC341F2C422100F7BA64 /* LuanchAnimationUITests */ = {
			isa = PBXNativeTarget;
			buildConfigurationList = ABBABC441F2C422100F7BA64 /* Build configuration list for PBXNativeTarget "LuanchAnimationUITests" */;
			buildPhases = (
				ABBABC311F2C422100F7BA64 /* Sources */,
				ABBABC321F2C422100F7BA64 /* Frameworks */,
				ABBABC331F2C422100F7BA64 /* Resources */,
			);
			buildRules = (
			);
			dependencies = (
				ABBABC371F2C422100F7BA64 /* PBXTargetDependency */,
			);
			name = LuanchAnimationUITests;
			productName = LuanchAnimationUITests;
			productReference = ABBABC351F2C422100F7BA64 /* LuanchAnimationUITests.xctest */;
			productType = "com.apple.product-type.bundle.ui-testing";
		};
/* End PBXNativeTarget section */

/* Begin PBXProject section */
		ABBABC091F2C422100F7BA64 /* Project object */ = {
			isa = PBXProject;
			attributes = {
				LastUpgradeCheck = 0830;
				ORGANIZATIONNAME = zf;
				TargetAttributes = {
					ABBABC101F2C422100F7BA64 = {
						CreatedOnToolsVersion = 8.3.3;
						DevelopmentTeam = J57B9DGDTL;
						ProvisioningStyle = Automatic;
					};
					ABBABC291F2C422100F7BA64 = {
						CreatedOnToolsVersion = 8.3.3;
						ProvisioningStyle = Automatic;
						TestTargetID = ABBABC101F2C422100F7BA64;
					};
					ABBABC341F2C422100F7BA64 = {
						CreatedOnToolsVersion = 8.3.3;
						ProvisioningStyle = Automatic;
						TestTargetID = ABBABC101F2C422100F7BA64;
					};
				};
			};
			buildConfigurationList = ABBABC0C1F2C422100F7BA64 /* Build configuration list for PBXProject "LuanchAnimation" */;
			compatibilityVersion = "Xcode 3.2";
			developmentRegion = English;
			hasScannedForEncodings = 0;
			knownRegions = (
				en,
				Base,
			);
			mainGroup = ABBABC081F2C422100F7BA64;
			productRefGroup = ABBABC121F2C422100F7BA64 /* Products */;
			projectDirPath = "";
			projectRoot = "";
			targets = (
				ABBABC101F2C422100F7BA64 /* LuanchAnimation */,
				ABBABC291F2C422100F7BA64 /* LuanchAnimationTests */,
				ABBABC341F2C422100F7BA64 /* LuanchAnimationUITests */,
			);
		};
/* End PBXProject section */

/* Begin PBXResourcesBuildPhase section */
		ABBABC0F1F2C422100F7BA64 /* Resources */ = {
			isa = PBXResourcesBuildPhase;
			buildActionMask = 2147483647;
			files = (
				ABBABC241F2C422100F7BA64 /* LaunchScreen.storyboard in Resources */,
				ABBABC571F2C5ABE00F7BA64 /* gou.png in Resources */,
				ABBABC5B1F2C5ABE00F7BA64 /* xian.png in Resources */,
				ABBABC5A1F2C5ABE00F7BA64 /* xi.png in Resources */,
				ABBABC561F2C5ABE00F7BA64 /* font2.png in Resources */,
				ABBABC211F2C422100F7BA64 /* Assets.xcassets in Resources */,
				ABBABC5D1F2C5ABE00F7BA64 /* yun.png in Resources */,
				ABBABC5C1F2C5ABE00F7BA64 /* xin.png in Resources */,
				ABBABC551F2C5ABE00F7BA64 /* font.png in Resources */,
				ABBABC591F2C5ABE00F7BA64 /* kai.png in Resources */,
				ABBABC581F2C5ABE00F7BA64 /* jing.png in Resources */,
			);
			runOnlyForDeploymentPostprocessing = 0;
		};
		ABBABC281F2C422100F7BA64 /* Resources */ = {
			isa = PBXResourcesBuildPhase;
			buildActionMask = 2147483647;
			files = (
			);
			runOnlyForDeploymentPostprocessing = 0;
		};
		ABBABC331F2C422100F7BA64 /* Resources */ = {
			isa = PBXResourcesBuildPhase;
			buildActionMask = 2147483647;
			files = (
			);
			runOnlyForDeploymentPostprocessing = 0;
		};
/* End PBXResourcesBuildPhase section */

/* Begin PBXSourcesBuildPhase section */
		ABBABC0D1F2C422100F7BA64 /* Sources */ = {
			isa = PBXSourcesBuildPhase;
			buildActionMask = 2147483647;
			files = (
				ABBABC1C1F2C422100F7BA64 /* ViewController.m in Sources */,
				ABBABC191F2C422100F7BA64 /* AppDelegate.m in Sources */,
				ABBABC161F2C422100F7BA64 /* main.m in Sources */,
				ABBABC491F2C42E900F7BA64 /* LaunchViewController.m in Sources */,
				ABBABC601F2C5B0B00F7BA64 /* LogoAnimation.m in Sources */,
			);
			runOnlyForDeploymentPostprocessing = 0;
		};
		ABBABC261F2C422100F7BA64 /* Sources */ = {
			isa = PBXSourcesBuildPhase;
			buildActionMask = 2147483647;
			files = (
				ABBABC2F1F2C422100F7BA64 /* LuanchAnimationTests.m in Sources */,
			);
			runOnlyForDeploymentPostprocessing = 0;
		};
		ABBABC311F2C422100F7BA64 /* Sources */ = {
			isa = PBXSourcesBuildPhase;
			buildActionMask = 2147483647;
			files = (
				ABBABC3A1F2C422100F7BA64 /* LuanchAnimationUITests.m in Sources */,
			);
			runOnlyForDeploymentPostprocessing = 0;
		};
/* End PBXSourcesBuildPhase section */

/* Begin PBXTargetDependency section */
		ABBABC2C1F2C422100F7BA64 /* PBXTargetDependency */ = {
			isa = PBXTargetDependency;
			target = ABBABC101F2C422100F7BA64 /* LuanchAnimation */;
			targetProxy = ABBABC2B1F2C422100F7BA64 /* PBXContainerItemProxy */;
		};
		ABBABC371F2C422100F7BA64 /* PBXTargetDependency */ = {
			isa = PBXTargetDependency;
			target = ABBABC101F2C422100F7BA64 /* LuanchAnimation */;
			targetProxy = ABBABC361F2C422100F7BA64 /* PBXContainerItemProxy */;
		};
/* End PBXTargetDependency section */

/* Begin PBXVariantGroup section */
		ABBABC221F2C422100F7BA64 /* LaunchScreen.storyboard */ = {
			isa = PBXVariantGroup;
			children = (
				ABBABC231F2C422100F7BA64 /* Base */,
			);
			name = LaunchScreen.storyboard;
			sourceTree = "<group>";
		};
/* End PBXVariantGroup section */

/* Begin XCBuildConfiguration section */
		ABBABC3C1F2C422100F7BA64 /* Debug */ = {
			isa = XCBuildConfiguration;
			buildSettings = {
				ALWAYS_SEARCH_USER_PATHS = NO;
				CLANG_ANALYZER_NONNULL = YES;
				CLANG_ANALYZER_NUMBER_OBJECT_CONVERSION = YES_AGGRESSIVE;
				CLANG_CXX_LANGUAGE_STANDARD = "gnu++0x";
				CLANG_CXX_LIBRARY = "libc++";
				CLANG_ENABLE_MODULES = YES;
				CLANG_ENABLE_OBJC_ARC = YES;
				CLANG_WARN_BOOL_CONVERSION = YES;
				CLANG_WARN_CONSTANT_CONVERSION = YES;
				CLANG_WARN_DIRECT_OBJC_ISA_USAGE = YES_ERROR;
				CLANG_WARN_DOCUMENTATION_COMMENTS = YES;
				CLANG_WARN_EMPTY_BODY = YES;
				CLANG_WARN_ENUM_CONVERSION = YES;
				CLANG_WARN_INFINITE_RECURSION = YES;
				CLANG_WARN_INT_CONVERSION = YES;
				CLANG_WARN_OBJC_ROOT_CLASS = YES_ERROR;
				CLANG_WARN_SUSPICIOUS_MOVE = YES;
				CLANG_WARN_UNREACHABLE_CODE = YES;
				CLANG_WARN__DUPLICATE_METHOD_MATCH = YES;
				"CODE_SIGN_IDENTITY[sdk=iphoneos*]" = "iPhone Developer";
				COPY_PHASE_STRIP = NO;
				DEBUG_INFORMATION_FORMAT = dwarf;
				ENABLE_STRICT_OBJC_MSGSEND = YES;
				ENABLE_TESTABILITY = YES;
				GCC_C_LANGUAGE_STANDARD = gnu99;
				GCC_DYNAMIC_NO_PIC = NO;
				GCC_NO_COMMON_BLOCKS = YES;
				GCC_OPTIMIZATION_LEVEL = 0;
				GCC_PREPROCESSOR_DEFINITIONS = (
					"DEBUG=1",
					"$(inherited)",
				);
				GCC_WARN_64_TO_32_BIT_CONVERSION = YES;
				GCC_WARN_ABOUT_RETURN_TYPE = YES_ERROR;
				GCC_WARN_UNDECLARED_SELECTOR = YES;
				GCC_WARN_UNINITIALIZED_AUTOS = YES_AGGRESSIVE;
				GCC_WARN_UNUSED_FUNCTION = YES;
				GCC_WARN_UNUSED_VARIABLE = YES;
				IPHONEOS_DEPLOYMENT_TARGET = 10.3;
				MTL_ENABLE_DEBUG_INFO = YES;
				ONLY_ACTIVE_ARCH = YES;
				SDKROOT = iphoneos;
				TARGETED_DEVICE_FAMILY = "1,2";
			};
			name = Debug;
		};
		ABBABC3D1F2C422100F7BA64 /* Release */ = {
			isa = XCBuildConfiguration;
			buildSettings = {
				ALWAYS_SEARCH_USER_PATHS = NO;
				CLANG_ANALYZER_NONNULL = YES;
				CLANG_ANALYZER_NUMBER_OBJECT_CONVERSION = YES_AGGRESSIVE;
				CLANG_CXX_LANGUAGE_STANDARD = "gnu++0x";
				CLANG_CXX_LIBRARY = "libc++";
				CLANG_ENABLE_MODULES = YES;
				CLANG_ENABLE_OBJC_ARC = YES;
				CLANG_WARN_BOOL_CONVERSION = YES;
				CLANG_WARN_CONSTANT_CONVERSION = YES;
				CLANG_WARN_DIRECT_OBJC_ISA_USAGE = YES_ERROR;
				CLANG_WARN_DOCUMENTATION_COMMENTS = YES;
				CLANG_WARN_EMPTY_BODY = YES;
				CLANG_WARN_ENUM_CONVERSION = YES;
				CLANG_WARN_INFINITE_RECURSION = YES;
				CLANG_WARN_INT_CONVERSION = YES;
				CLANG_WARN_OBJC_ROOT_CLASS = YES_ERROR;
				CLANG_WARN_SUSPICIOUS_MOVE = YES;
				CLANG_WARN_UNREACHABLE_CODE = YES;
				CLANG_WARN__DUPLICATE_METHOD_MATCH = YES;
				"CODE_SIGN_IDENTITY[sdk=iphoneos*]" = "iPhone Developer";
				COPY_PHASE_STRIP = NO;
				DEBUG_INFORMATION_FORMAT = "dwarf-with-dsym";
				ENABLE_NS_ASSERTIONS = NO;
				ENABLE_STRICT_OBJC_MSGSEND = YES;
				GCC_C_LANGUAGE_STANDARD = gnu99;
				GCC_NO_COMMON_BLOCKS = YES;
				GCC_WARN_64_TO_32_BIT_CONVERSION = YES;
				GCC_WARN_ABOUT_RETURN_TYPE = YES_ERROR;
				GCC_WARN_UNDECLARED_SELECTOR = YES;
				GCC_WARN_UNINITIALIZED_AUTOS = YES_AGGRESSIVE;
				GCC_WARN_UNUSED_FUNCTION = YES;
				GCC_WARN_UNUSED_VARIABLE = YES;
				IPHONEOS_DEPLOYMENT_TARGET = 10.3;
				MTL_ENABLE_DEBUG_INFO = NO;
				SDKROOT = iphoneos;
				TARGETED_DEVICE_FAMILY = "1,2";
				VALIDATE_PRODUCT = YES;
			};
			name = Release;
		};
		ABBABC3F1F2C422100F7BA64 /* Debug */ = {
			isa = XCBuildConfiguration;
			buildSettings = {
				ASSETCATALOG_COMPILER_APPICON_NAME = AppIcon;
				DEVELOPMENT_TEAM = J57B9DGDTL;
				INFOPLIST_FILE = LuanchAnimation/Info.plist;
				IPHONEOS_DEPLOYMENT_TARGET = 8.3;
				LD_RUNPATH_SEARCH_PATHS = "$(inherited) @executable_path/Frameworks";
				PRODUCT_BUNDLE_IDENTIFIER = com.zf.LuanchAnimation;
				PRODUCT_NAME = "$(TARGET_NAME)";
			};
			name = Debug;
		};
		ABBABC401F2C422100F7BA64 /* Release */ = {
			isa = XCBuildConfiguration;
			buildSettings = {
				ASSETCATALOG_COMPILER_APPICON_NAME = AppIcon;
				DEVELOPMENT_TEAM = J57B9DGDTL;
				INFOPLIST_FILE = LuanchAnimation/Info.plist;
				IPHONEOS_DEPLOYMENT_TARGET = 8.3;
				LD_RUNPATH_SEARCH_PATHS = "$(inherited) @executable_path/Frameworks";
				PRODUCT_BUNDLE_IDENTIFIER = com.zf.LuanchAnimation;
				PRODUCT_NAME = "$(TARGET_NAME)";
			};
			name = Release;
		};
		ABBABC421F2C422100F7BA64 /* Debug */ = {
			isa = XCBuildConfiguration;
			buildSettings = {
				BUNDLE_LOADER = "$(TEST_HOST)";
				INFOPLIST_FILE = LuanchAnimationTests/Info.plist;
				LD_RUNPATH_SEARCH_PATHS = "$(inherited) @executable_path/Frameworks @loader_path/Frameworks";
				PRODUCT_BUNDLE_IDENTIFIER = com.zf.LuanchAnimationTests;
				PRODUCT_NAME = "$(TARGET_NAME)";
				TEST_HOST = "$(BUILT_PRODUCTS_DIR)/LuanchAnimation.app/LuanchAnimation";
			};
			name = Debug;
		};
		ABBABC431F2C422100F7BA64 /* Release */ = {
			isa = XCBuildConfiguration;
			buildSettings = {
				BUNDLE_LOADER = "$(TEST_HOST)";
				INFOPLIST_FILE = LuanchAnimationTests/Info.plist;
				LD_RUNPATH_SEARCH_PATHS = "$(inherited) @executable_path/Frameworks @loader_path/Frameworks";
				PRODUCT_BUNDLE_IDENTIFIER = com.zf.LuanchAnimationTests;
				PRODUCT_NAME = "$(TARGET_NAME)";
				TEST_HOST = "$(BUILT_PRODUCTS_DIR)/LuanchAnimation.app/LuanchAnimation";
			};
			name = Release;
		};
		ABBABC451F2C422100F7BA64 /* Debug */ = {
			isa = XCBuildConfiguration;
			buildSettings = {
				INFOPLIST_FILE = LuanchAnimationUITests/Info.plist;
				LD_RUNPATH_SEARCH_PATHS = "$(inherited) @executable_path/Frameworks @loader_path/Frameworks";
				PRODUCT_BUNDLE_IDENTIFIER = com.zf.LuanchAnimationUITests;
				PRODUCT_NAME = "$(TARGET_NAME)";
				TEST_TARGET_NAME = LuanchAnimation;
			};
			name = Debug;
		};
		ABBABC461F2C422100F7BA64 /* Release */ = {
			isa = XCBuildConfiguration;
			buildSettings = {
				INFOPLIST_FILE = LuanchAnimationUITests/Info.plist;
				LD_RUNPATH_SEARCH_PATHS = "$(inherited) @executable_path/Frameworks @loader_path/Frameworks";
				PRODUCT_BUNDLE_IDENTIFIER = com.zf.LuanchAnimationUITests;
				PRODUCT_NAME = "$(TARGET_NAME)";
				TEST_TARGET_NAME = LuanchAnimation;
			};
			name = Release;
		};
/* End XCBuildConfiguration section */

/* Begin XCConfigurationList section */
		ABBABC0C1F2C422100F7BA64 /* Build configuration list for PBXProject "LuanchAnimation" */ = {
			isa = XCConfigurationList;
			buildConfigurations = (
				ABBABC3C1F2C422100F7BA64 /* Debug */,
				ABBABC3D1F2C422100F7BA64 /* Release */,
			);
			defaultConfigurationIsVisible = 0;
			defaultConfigurationName = Release;
		};
		ABBABC3E1F2C422100F7BA64 /* Build configuration list for PBXNativeTarget "LuanchAnimation" */ = {
			isa = XCConfigurationList;
			buildConfigurations = (
				ABBABC3F1F2C422100F7BA64 /* Debug */,
				ABBABC401F2C422100F7BA64 /* Release */,
			);
			defaultConfigurationIsVisible = 0;
			defaultConfigurationName = Release;
		};
		ABBABC411F2C422100F7BA64 /* Build configuration list for PBXNativeTarget "LuanchAnimationTests" */ = {
			isa = XCConfigurationList;
			buildConfigurations = (
				ABBABC421F2C422100F7BA64 /* Debug */,
				ABBABC431F2C422100F7BA64 /* Release */,
			);
			defaultConfigurationIsVisible = 0;
			defaultConfigurationName = Release;
		};
		ABBABC441F2C422100F7BA64 /* Build configuration list for PBXNativeTarget "LuanchAnimationUITests" */ = {
			isa = XCConfigurationList;
			buildConfigurations = (
				ABBABC451F2C422100F7BA64 /* Debug */,
				ABBABC461F2C422100F7BA64 /* Release */,
			);
			defaultConfigurationIsVisible = 0;
			defaultConfigurationName = Release;
		};
/* End XCConfigurationList section */
	};
	rootObject = ABBABC091F2C422100F7BA64 /* Project object */;
}
